
Microsoft Visual Studio Solution File, Format Version 12.00
# Visual Studio 15
VisualStudioVersion = 15.0.27703.2026
MinimumVisualStudioVersion = 10.0.40219.1
Project("{FAE04EC0-301F-11D3-BF4B-00C04F79EFBC}") = "AppWixSetupDemo", "AppWixSetupDemo\AppWixSetupDemo.csproj", "{2D580B4A-B2AF-425E-BA4C-1325877DC5EB}"
EndProject
Project("{FAE04EC0-301F-11D3-BF4B-00C04F79EFBC}") = "Llibreria", "Llibreria\Llibreria.csproj", "{695B2F6A-3C04-48D4-80F7-CAE5CD47ABDC}"
EndProject
Project("{930C7802-8A8C-48F9-8165-68863BCCD9DD}") = "SetupProject", "SetupProject\SetupProject.wixproj", "{51BCA312-644D-4D1C-8151-905C38D11B9F}"
EndProject
Global
	GlobalSection(SolutionConfigurationPlatforms) = preSolution
		Debug|Any CPU = Debug|Any CPU
		Debug|x86 = Debug|x86
		Release|Any CPU = Release|Any CPU
		Release|x86 = Release|x86
	EndGlobalSection
	GlobalSection(ProjectConfigurationPlatforms) = postSolution
		{2D580B4A-B2AF-425E-BA4C-1325877DC5EB}.Debug|Any CPU.ActiveCfg = Debug|Any CPU
		{2D580B4A-B2AF-425E-BA4C-1325877DC5EB}.Debug|Any CPU.Build.0 = Debug|Any CPU
		{2D580B4A-B2AF-425E-BA4C-1325877DC5EB}.Debug|x86.ActiveCfg = Debug|Any CPU
		{2D580B4A-B2AF-425E-BA4C-1325877DC5EB}.Debug|x86.Build.0 = Debug|Any CPU
		{2D580B4A-B2AF-425E-BA4C-1325877DC5EB}.Release|Any CPU.ActiveCfg = Release|Any CPU
		{2D580B4A-B2AF-425E-BA4C-1325877DC5EB}.Release|Any CPU.Build.0 = Release|Any CPU
		{2D580B4A-B2AF-425E-BA4C-1325877DC5EB}.Release|x86.ActiveCfg = Release|Any CPU
		{2D580B4A-B2AF-425E-BA4C-1325877DC5EB}.Release|x86.Build.0 = Release|Any CPU
		{695B2F6A-3C04-48D4-80F7-CAE5CD47ABDC}.Debug|Any CPU.ActiveCfg = Debug|Any CPU
		{695B2F6A-3C04-48D4-80F7-CAE5CD47ABDC}.Debug|Any CPU.Build.0 = Debug|Any CPU
		{695B2F6A-3C04-48D4-80F7-CAE5CD47ABDC}.Debug|x86.ActiveCfg = Debug|Any CPU
		{695B2F6A-3C04-48D4-80F7-CAE5CD47ABDC}.Debug|x86.Build.0 = Debug|Any CPU
		{695B2F6A-3C04-48D4-80F7-CAE5CD47ABDC}.Release|Any CPU.ActiveCfg = Release|Any CPU
		{695B2F6A-3C04-48D4-80F7-CAE5CD47ABDC}.Release|Any CPU.Build.0 = Release|Any CPU
		{695B2F6A-3C04-48D4-80F7-CAE5CD47ABDC}.Release|x86.ActiveCfg = Release|Any CPU
		{695B2F6A-3C04-48D4-80F7-CAE5CD47ABDC}.Release|x86.Build.0 = Release|Any CPU
		{51BCA312-644D-4D1C-8151-905C38D11B9F}.Debug|Any CPU.ActiveCfg = Debug|x86
		{51BCA312-644D-4D1C-8151-905C38D11B9F}.Debug|x86.ActiveCfg = Debug|x86
		{51BCA312-644D-4D1C-8151-905C38D11B9F}.Debug|x86.Build.0 = Debug|x86
		{51BCA312-644D-4D1C-8151-905C38D11B9F}.Release|Any CPU.ActiveCfg = Release|x86
		{51BCA312-644D-4D1C-8151-905C38D11B9F}.Release|x86.ActiveCfg = Release|x86
		{51BCA312-644D-4D1C-8151-905C38D11B9F}.Release|x86.Build.0 = Release|x86
	EndGlobalSection
	GlobalSection(SolutionProperties) = preSolution
		HideSolutionNode = FALSE
	EndGlobalSection
	GlobalSection(ExtensibilityGlobals) = postSolution
		SolutionGuid = {094FEB2E-279D-494D-8B76-E78F260F1189}
	EndGlobalSection
EndGlobal
