
Microsoft Visual Studio Solution File, Format Version 12.00
# Visual Studio 15
VisualStudioVersion = 15.0.27703.2026
MinimumVisualStudioVersion = 10.0.40219.1
Project("{FAE04EC0-301F-11D3-BF4B-00C04F79EFBC}") = "RRHHApp", "RRHHApp\RRHHApp.csproj", "{AD292D6E-BBE8-4DDD-8A07-BC1F873FFFA5}"
EndProject
Project("{FAE04EC0-301F-11D3-BF4B-00C04F79EFBC}") = "UnitTestProject", "UnitTestProject\UnitTestProject.csproj", "{3FC802D0-DF91-451A-8EA3-B3A024A5164B}"
EndProject
Global
	GlobalSection(SolutionConfigurationPlatforms) = preSolution
		Debug|Any CPU = Debug|Any CPU
		Release|Any CPU = Release|Any CPU
	EndGlobalSection
	GlobalSection(ProjectConfigurationPlatforms) = postSolution
		{AD292D6E-BBE8-4DDD-8A07-BC1F873FFFA5}.Debug|Any CPU.ActiveCfg = Debug|Any CPU
		{AD292D6E-BBE8-4DDD-8A07-BC1F873FFFA5}.Debug|Any CPU.Build.0 = Debug|Any CPU
		{AD292D6E-BBE8-4DDD-8A07-BC1F873FFFA5}.Release|Any CPU.ActiveCfg = Release|Any CPU
		{AD292D6E-BBE8-4DDD-8A07-BC1F873FFFA5}.Release|Any CPU.Build.0 = Release|Any CPU
		{3FC802D0-DF91-451A-8EA3-B3A024A5164B}.Debug|Any CPU.ActiveCfg = Debug|Any CPU
		{3FC802D0-DF91-451A-8EA3-B3A024A5164B}.Debug|Any CPU.Build.0 = Debug|Any CPU
		{3FC802D0-DF91-451A-8EA3-B3A024A5164B}.Release|Any CPU.ActiveCfg = Release|Any CPU
		{3FC802D0-DF91-451A-8EA3-B3A024A5164B}.Release|Any CPU.Build.0 = Release|Any CPU
	EndGlobalSection
	GlobalSection(SolutionProperties) = preSolution
		HideSolutionNode = FALSE
	EndGlobalSection
	GlobalSection(ExtensibilityGlobals) = postSolution
		SolutionGuid = {51431B67-4AB8-40DF-8B03-325A619F2E93}
	EndGlobalSection
EndGlobal
