
Microsoft Visual Studio Solution File, Format Version 12.00
# Visual Studio 15
VisualStudioVersion = 15.0.27703.2026
MinimumVisualStudioVersion = 10.0.40219.1
Project("{FAE04EC0-301F-11D3-BF4B-00C04F79EFBC}") = "2_classes_i_collecions_uwp", "2_classes_i_collecions_uwp\2_classes_i_collecions_uwp.csproj", "{ABA8903F-40F9-4161-B68C-D17091CF6706}"
EndProject
Global
	GlobalSection(SolutionConfigurationPlatforms) = preSolution
		Debug|ARM = Debug|ARM
		Debug|x64 = Debug|x64
		Debug|x86 = Debug|x86
		Release|ARM = Release|ARM
		Release|x64 = Release|x64
		Release|x86 = Release|x86
	EndGlobalSection
	GlobalSection(ProjectConfigurationPlatforms) = postSolution
		{ABA8903F-40F9-4161-B68C-D17091CF6706}.Debug|ARM.ActiveCfg = Debug|ARM
		{ABA8903F-40F9-4161-B68C-D17091CF6706}.Debug|ARM.Build.0 = Debug|ARM
		{ABA8903F-40F9-4161-B68C-D17091CF6706}.Debug|ARM.Deploy.0 = Debug|ARM
		{ABA8903F-40F9-4161-B68C-D17091CF6706}.Debug|x64.ActiveCfg = Debug|x64
		{ABA8903F-40F9-4161-B68C-D17091CF6706}.Debug|x64.Build.0 = Debug|x64
		{ABA8903F-40F9-4161-B68C-D17091CF6706}.Debug|x64.Deploy.0 = Debug|x64
		{ABA8903F-40F9-4161-B68C-D17091CF6706}.Debug|x86.ActiveCfg = Debug|x86
		{ABA8903F-40F9-4161-B68C-D17091CF6706}.Debug|x86.Build.0 = Debug|x86
		{ABA8903F-40F9-4161-B68C-D17091CF6706}.Debug|x86.Deploy.0 = Debug|x86
		{ABA8903F-40F9-4161-B68C-D17091CF6706}.Release|ARM.ActiveCfg = Release|ARM
		{ABA8903F-40F9-4161-B68C-D17091CF6706}.Release|ARM.Build.0 = Release|ARM
		{ABA8903F-40F9-4161-B68C-D17091CF6706}.Release|ARM.Deploy.0 = Release|ARM
		{ABA8903F-40F9-4161-B68C-D17091CF6706}.Release|x64.ActiveCfg = Release|x64
		{ABA8903F-40F9-4161-B68C-D17091CF6706}.Release|x64.Build.0 = Release|x64
		{ABA8903F-40F9-4161-B68C-D17091CF6706}.Release|x64.Deploy.0 = Release|x64
		{ABA8903F-40F9-4161-B68C-D17091CF6706}.Release|x86.ActiveCfg = Release|x86
		{ABA8903F-40F9-4161-B68C-D17091CF6706}.Release|x86.Build.0 = Release|x86
		{ABA8903F-40F9-4161-B68C-D17091CF6706}.Release|x86.Deploy.0 = Release|x86
	EndGlobalSection
	GlobalSection(SolutionProperties) = preSolution
		HideSolutionNode = FALSE
	EndGlobalSection
	GlobalSection(ExtensibilityGlobals) = postSolution
		SolutionGuid = {DD6098FD-8F4D-4B74-A7ED-6AC792F87371}
	EndGlobalSection
EndGlobal
