
Microsoft Visual Studio Solution File, Format Version 12.00
# Visual Studio 15
VisualStudioVersion = 15.0.27703.2026
MinimumVisualStudioVersion = 10.0.40219.1
Project("{FAE04EC0-301F-11D3-BF4B-00C04F79EFBC}") = "8_ControlsPersonalitzats_Shapes", "8_ControlsPersonalitzats_Shapes\8_ControlsPersonalitzats_Shapes.csproj", "{1C874D39-7A3F-4DCE-9991-8FB94843A601}"
EndProject
Global
	GlobalSection(SolutionConfigurationPlatforms) = preSolution
		Debug|ARM = Debug|ARM
		Debug|x64 = Debug|x64
		Debug|x86 = Debug|x86
		Release|ARM = Release|ARM
		Release|x64 = Release|x64
		Release|x86 = Release|x86
	EndGlobalSection
	GlobalSection(ProjectConfigurationPlatforms) = postSolution
		{1C874D39-7A3F-4DCE-9991-8FB94843A601}.Debug|ARM.ActiveCfg = Debug|ARM
		{1C874D39-7A3F-4DCE-9991-8FB94843A601}.Debug|ARM.Build.0 = Debug|ARM
		{1C874D39-7A3F-4DCE-9991-8FB94843A601}.Debug|ARM.Deploy.0 = Debug|ARM
		{1C874D39-7A3F-4DCE-9991-8FB94843A601}.Debug|x64.ActiveCfg = Debug|x64
		{1C874D39-7A3F-4DCE-9991-8FB94843A601}.Debug|x64.Build.0 = Debug|x64
		{1C874D39-7A3F-4DCE-9991-8FB94843A601}.Debug|x64.Deploy.0 = Debug|x64
		{1C874D39-7A3F-4DCE-9991-8FB94843A601}.Debug|x86.ActiveCfg = Debug|x86
		{1C874D39-7A3F-4DCE-9991-8FB94843A601}.Debug|x86.Build.0 = Debug|x86
		{1C874D39-7A3F-4DCE-9991-8FB94843A601}.Debug|x86.Deploy.0 = Debug|x86
		{1C874D39-7A3F-4DCE-9991-8FB94843A601}.Release|ARM.ActiveCfg = Release|ARM
		{1C874D39-7A3F-4DCE-9991-8FB94843A601}.Release|ARM.Build.0 = Release|ARM
		{1C874D39-7A3F-4DCE-9991-8FB94843A601}.Release|ARM.Deploy.0 = Release|ARM
		{1C874D39-7A3F-4DCE-9991-8FB94843A601}.Release|x64.ActiveCfg = Release|x64
		{1C874D39-7A3F-4DCE-9991-8FB94843A601}.Release|x64.Build.0 = Release|x64
		{1C874D39-7A3F-4DCE-9991-8FB94843A601}.Release|x64.Deploy.0 = Release|x64
		{1C874D39-7A3F-4DCE-9991-8FB94843A601}.Release|x86.ActiveCfg = Release|x86
		{1C874D39-7A3F-4DCE-9991-8FB94843A601}.Release|x86.Build.0 = Release|x86
		{1C874D39-7A3F-4DCE-9991-8FB94843A601}.Release|x86.Deploy.0 = Release|x86
	EndGlobalSection
	GlobalSection(SolutionProperties) = preSolution
		HideSolutionNode = FALSE
	EndGlobalSection
	GlobalSection(ExtensibilityGlobals) = postSolution
		SolutionGuid = {69F791AF-9344-4558-9DE4-5C4F4F8F8E87}
	EndGlobalSection
EndGlobal
